
Microsoft Visual Studio Solution File, Format Version 12.00
# Visual Studio Version 17
VisualStudioVersion = 17.8.34330.188
MinimumVisualStudioVersion = 10.0.40219.1
Project("{FAE04EC0-301F-11D3-BF4B-00C04F79EFBC}") = "CreationalPatterns", "CreationalPatterns.csproj", "{799AA581-2C6F-426E-AA1B-F642FB96E965}"
EndProject
Project("{FAE04EC0-301F-11D3-BF4B-00C04F79EFBC}") = "StructuralPatterns", "..\StructuralPatterns\StructuralPatterns.csproj", "{0C32F279-0877-4FEC-9FDE-9AC7B0229627}"
EndProject
Project("{FAE04EC0-301F-11D3-BF4B-00C04F79EFBC}") = "BehaviorPatterns", "..\BehaviorPatterns\BehaviorPatterns.csproj", "{3365BC05-0E34-4586-925C-5A5035342C44}"
EndProject
Global
	GlobalSection(SolutionConfigurationPlatforms) = preSolution
		Debug|Any CPU = Debug|Any CPU
		Release|Any CPU = Release|Any CPU
	EndGlobalSection
	GlobalSection(ProjectConfigurationPlatforms) = postSolution
		{799AA581-2C6F-426E-AA1B-F642FB96E965}.Debug|Any CPU.ActiveCfg = Debug|Any CPU
		{799AA581-2C6F-426E-AA1B-F642FB96E965}.Debug|Any CPU.Build.0 = Debug|Any CPU
		{799AA581-2C6F-426E-AA1B-F642FB96E965}.Release|Any CPU.ActiveCfg = Release|Any CPU
		{799AA581-2C6F-426E-AA1B-F642FB96E965}.Release|Any CPU.Build.0 = Release|Any CPU
		{0C32F279-0877-4FEC-9FDE-9AC7B0229627}.Debug|Any CPU.ActiveCfg = Debug|Any CPU
		{0C32F279-0877-4FEC-9FDE-9AC7B0229627}.Debug|Any CPU.Build.0 = Debug|Any CPU
		{0C32F279-0877-4FEC-9FDE-9AC7B0229627}.Release|Any CPU.ActiveCfg = Release|Any CPU
		{0C32F279-0877-4FEC-9FDE-9AC7B0229627}.Release|Any CPU.Build.0 = Release|Any CPU
		{3365BC05-0E34-4586-925C-5A5035342C44}.Debug|Any CPU.ActiveCfg = Debug|Any CPU
		{3365BC05-0E34-4586-925C-5A5035342C44}.Debug|Any CPU.Build.0 = Debug|Any CPU
		{3365BC05-0E34-4586-925C-5A5035342C44}.Release|Any CPU.ActiveCfg = Release|Any CPU
		{3365BC05-0E34-4586-925C-5A5035342C44}.Release|Any CPU.Build.0 = Release|Any CPU
	EndGlobalSection
	GlobalSection(SolutionProperties) = preSolution
		HideSolutionNode = FALSE
	EndGlobalSection
	GlobalSection(ExtensibilityGlobals) = postSolution
		SolutionGuid = {8278B709-EB14-47C2-967F-0AFEB531B1CE}
	EndGlobalSection
EndGlobal
